# This file is autogenerated, do not edit; changes may be undone by the next 'dep ensure'.


[[projects]]
  digest = "1:44a9cd5a5028ab10b39e59611838ce0dfd994bcdac85147196b090fca93510e4"
  name = "github.com/minio/cli"
  packages = ["."]
  pruneopts = "UT"
  revision = "12746c4403c1c700c94f3962ccd7e52f8f61928a"
  version = "v1.20.0"

[solve-meta]
  analyzer-name = "dep"
  analyzer-version = 1
  input-imports = ["github.com/minio/cli"]
  solver-name = "gps-cdcl"
  solver-version = 1
